
Microsoft Visual Studio Solution File, Format Version 12.00
# Visual Studio Version 18
VisualStudioVersion = 18.4.11702.344 oobstable
MinimumVisualStudioVersion = 10.0.40219.1
Project("{FAE04EC0-301F-11D3-BF4B-00C04F79EFBC}") = "FMP7CLI", ".\FMP7CLI.csproj", "{D072EB9E-1BC7-4165-B9F7-68B6C1BB0791}"
EndProject
Global
	GlobalSection(SolutionConfigurationPlatforms) = preSolution
		Debug|Any CPU = Debug|Any CPU
		Release|Any CPU = Release|Any CPU
	EndGlobalSection
	GlobalSection(ProjectConfigurationPlatforms) = postSolution
		{D072EB9E-1BC7-4165-B9F7-68B6C1BB0791}.Debug|Any CPU.ActiveCfg = Debug|Any CPU
		{D072EB9E-1BC7-4165-B9F7-68B6C1BB0791}.Debug|Any CPU.Build.0 = Debug|Any CPU
		{D072EB9E-1BC7-4165-B9F7-68B6C1BB0791}.Release|Any CPU.ActiveCfg = Release|Any CPU
		{D072EB9E-1BC7-4165-B9F7-68B6C1BB0791}.Release|Any CPU.Build.0 = Release|Any CPU
	EndGlobalSection
	GlobalSection(SolutionProperties) = preSolution
		HideSolutionNode = FALSE
	EndGlobalSection
	GlobalSection(ExtensibilityGlobals) = postSolution
		SolutionGuid = {87F2056D-0574-41AA-BAB4-7D39D95DCA09}
	EndGlobalSection
EndGlobal
